
Microsoft Visual Studio Solution File, Format Version 12.00
# Visual Studio 15
VisualStudioVersion = 15.0.28010.2016
MinimumVisualStudioVersion = 10.0.40219.1
Project("{FAE04EC0-301F-11D3-BF4B-00C04F79EFBC}") = "CryptoRatesManager.Web", "CryptoRatesManager.Web\CryptoRatesManager.Web.csproj", "{3C30B962-BB59-4AEC-A046-97735743CE57}"
EndProject
Project("{2150E333-8FDC-42A3-9474-1A3956D46DE8}") = "Solution Items", "Solution Items", "{29187667-876B-443E-B09B-78D6FCBD7C81}"
	ProjectSection(SolutionItems) = preProject
		.dockerignore = .dockerignore
		.gitattributes = .gitattributes
		.gitignore = .gitignore
	EndProjectSection
EndProject
Project("{FAE04EC0-301F-11D3-BF4B-00C04F79EFBC}") = "CryptoRatesManager.Core", "CryptoRatesManager.Core\CryptoRatesManager.Core.csproj", "{B7AC84DD-FA2A-4A3B-B1E7-C6CC2AC94FFF}"
EndProject
Global
	GlobalSection(SolutionConfigurationPlatforms) = preSolution
		Debug|Any CPU = Debug|Any CPU
		Release|Any CPU = Release|Any CPU
	EndGlobalSection
	GlobalSection(ProjectConfigurationPlatforms) = postSolution
		{3C30B962-BB59-4AEC-A046-97735743CE57}.Debug|Any CPU.ActiveCfg = Debug|Any CPU
		{3C30B962-BB59-4AEC-A046-97735743CE57}.Debug|Any CPU.Build.0 = Debug|Any CPU
		{3C30B962-BB59-4AEC-A046-97735743CE57}.Release|Any CPU.ActiveCfg = Release|Any CPU
		{3C30B962-BB59-4AEC-A046-97735743CE57}.Release|Any CPU.Build.0 = Release|Any CPU
		{B7AC84DD-FA2A-4A3B-B1E7-C6CC2AC94FFF}.Debug|Any CPU.ActiveCfg = Debug|Any CPU
		{B7AC84DD-FA2A-4A3B-B1E7-C6CC2AC94FFF}.Debug|Any CPU.Build.0 = Debug|Any CPU
		{B7AC84DD-FA2A-4A3B-B1E7-C6CC2AC94FFF}.Release|Any CPU.ActiveCfg = Release|Any CPU
		{B7AC84DD-FA2A-4A3B-B1E7-C6CC2AC94FFF}.Release|Any CPU.Build.0 = Release|Any CPU
	EndGlobalSection
	GlobalSection(SolutionProperties) = preSolution
		HideSolutionNode = FALSE
	EndGlobalSection
	GlobalSection(ExtensibilityGlobals) = postSolution
		SolutionGuid = {7FF49A64-A7DF-479C-85A6-6B2DAE3AD2B3}
	EndGlobalSection
EndGlobal
